<?xml version="1.0" encoding="utf-8"?>
<Project ToolsVersion="4.0" xmlns="http://schemas.microsoft.com/developer/msbuild/2003">
  <ItemGroup>
    <Filter Include="Source Files">
      <UniqueIdentifier>{4FC737F1-C7A5-4376-A066-2A32D752A2FF}</UniqueIdentifier>
      <Extensions>cpp;c;cc;cxx;c++;cppm;ixx;def;odl;idl;hpj;bat;asm;asmx</Extensions>
    </Filter>
    <Filter Include="Header Files">
      <UniqueIdentifier>{93995380-89BD-4b04-88EB-625FBE52EBFB}</UniqueIdentifier>
      <Extensions>h;hh;hpp;hxx;h++;hm;inl;inc;ipp;xsd</Extensions>
    </Filter>
    <Filter Include="Resource Files">
      <UniqueIdentifier>{67DA6AB6-F800-4c08-8B7A-83BB121AAD01}</UniqueIdentifier>
      <Extensions>rc;ico;cur;bmp;dlg;rc2;rct;bin;rgs;gif;jpg;jpeg;jpe;resx;tiff;tif;png;wav;mfcribbon-ms</Extensions>
    </Filter>
    <Filter Include="Source Files\Manager">
      <UniqueIdentifier>{ed5c7657-3aaf-44ca-919b-ab94bcc139b4}</UniqueIdentifier>
    </Filter>
    <Filter Include="Source Files\Objects">
      <UniqueIdentifier>{15ec01d8-09a5-4c76-a770-45093b59c90d}</UniqueIdentifier>
    </Filter>
    <Filter Include="Source Files\Enums">
      <UniqueIdentifier>{57757431-a7c6-45a5-a5e1-4383e457bd0c}</UniqueIdentifier>
    </Filter>
    <Filter Include="Source Files\States">
      <UniqueIdentifier>{1dfbabb9-22e8-410a-bd24-b15a7b0f0e06}</UniqueIdentifier>
    </Filter>
    <Filter Include="Source Files\Effects">
      <UniqueIdentifier>{833c711d-869f-4db0-baaa-fac2138338d3}</UniqueIdentifier>
    </Filter>
    <Filter Include="Source Files\GUIs">
      <UniqueIdentifier>{3abd4df2-0ddc-4e35-8c6f-2d20982b198e}</UniqueIdentifier>
    </Filter>
  </ItemGroup>
  <ItemGroup>
    <ClCompile Include="FlexinBox.cpp">
      <Filter>Source Files</Filter>
    </ClCompile>
    <ClCompile Include="Source\Manager\Application.cpp">
      <Filter>Source Files\Manager</Filter>
    </ClCompile>
    <ClCompile Include="Source\States\BaseState.cpp">
      <Filter>Source Files\States</Filter>
    </ClCompile>
    <ClCompile Include="Source\States\IntroState.cpp">
      <Filter>Source Files\States</Filter>
    </ClCompile>
    <ClCompile Include="Source\States\StateMachine.cpp">
      <Filter>Source Files\States</Filter>
    </ClCompile>
    <ClCompile Include="Source\States\PlayState.cpp">
      <Filter>Source Files\States</Filter>
    </ClCompile>
    <ClCompile Include="Source\States\HomeState.cpp">
      <Filter>Source Files\States</Filter>
    </ClCompile>
    <ClCompile Include="Source\Enums\EGameObject.h">
      <Filter>Source Files\Enums</Filter>
    </ClCompile>
    <ClCompile Include="Source\GUIs\Button.cpp">
      <Filter>Source Files\GUIs</Filter>
    </ClCompile>
    <ClCompile Include="Source\Manager\DataManager.cpp">
      <Filter>Source Files\Manager</Filter>
    </ClCompile>
  </ItemGroup>
  <ItemGroup>
    <ClInclude Include="Source\Manager\Application.h">
      <Filter>Source Files\Manager</Filter>
    </ClInclude>
    <ClInclude Include="Source\Manager\MyDefine.h">
      <Filter>Source Files\Manager</Filter>
    </ClInclude>
    <ClInclude Include="Source\Manager\MyTemplate.h">
      <Filter>Source Files\Manager</Filter>
    </ClInclude>
    <ClInclude Include="Source\Enums\GameStateType.h">
      <Filter>Source Files\Enums</Filter>
    </ClInclude>
    <ClInclude Include="Source\Objects\GameObject.h">
      <Filter>Source Files\Objects</Filter>
    </ClInclude>
    <ClInclude Include="Source\States\BaseState.h">
      <Filter>Source Files\States</Filter>
    </ClInclude>
    <ClInclude Include="Source\States\StateMachine.h">
      <Filter>Source Files\States</Filter>
    </ClInclude>
    <ClInclude Include="Source\States\IntroState.h">
      <Filter>Source Files\States</Filter>
    </ClInclude>
    <ClInclude Include="Source\States\PlayState.h">
      <Filter>Source Files\States</Filter>
    </ClInclude>
    <ClInclude Include="Source\States\HomeState.h">
      <Filter>Source Files\States</Filter>
    </ClInclude>
    <ClInclude Include="Source\GUIs\Button.h">
      <Filter>Source Files\GUIs</Filter>
    </ClInclude>
    <ClInclude Include="Source\Manager\DataManager.h">
      <Filter>Source Files\Manager</Filter>
    </ClInclude>
  </ItemGroup>
</Project>